// !$*UTF8*$!
{
	archiveVersion = 1;
	classes = {
	};
	objectVersion = 50;
	objects = {

/* Begin PBXBuildFile section */
		9ED85A8F25E3160B0092922B /* InnovationChallengeLoginPageApp.swift in Sources */ = {isa = PBXBuildFile; fileRef = 9ED85A8E25E3160B0092922B /* InnovationChallengeLoginPageApp.swift */; };
		9ED85A9125E3160B0092922B /* ContentView.swift in Sources */ = {isa = PBXBuildFile; fileRef = 9ED85A9025E3160B0092922B /* ContentView.swift */; };
		9ED85A9325E3160B0092922B /* Assets.xcassets in Resources */ = {isa = PBXBuildFile; fileRef = 9ED85A9225E3160B0092922B /* Assets.xcassets */; };
		9ED85A9625E3160B0092922B /* Preview Assets.xcassets in Resources */ = {isa = PBXBuildFile; fileRef = 9ED85A9525E3160B0092922B /* Preview Assets.xcassets */; };
		9ED85AA125E3160C0092922B /* InnovationChallengeLoginPageTests.swift in Sources */ = {isa = PBXBuildFile; fileRef = 9ED85AA025E3160C0092922B /* InnovationChallengeLoginPageTests.swift */; };
		9ED85AAC25E3160C0092922B /* InnovationChallengeLoginPageUITests.swift in Sources */ = {isa = PBXBuildFile; fileRef = 9ED85AAB25E3160C0092922B /* InnovationChallengeLoginPageUITests.swift */; };
		9ED85ABD25E3167F0092922B /* Storyboard.storyboard in Resources */ = {isa = PBXBuildFile; fileRef = 9ED85ABC25E3167F0092922B /* Storyboard.storyboard */; };
/* End PBXBuildFile section */

/* Begin PBXContainerItemProxy section */
		9ED85A9D25E3160C0092922B /* PBXContainerItemProxy */ = {
			isa = PBXContainerItemProxy;
			containerPortal = 9ED85A8325E3160B0092922B /* Project object */;
			proxyType = 1;
			remoteGlobalIDString = 9ED85A8A25E3160B0092922B;
			remoteInfo = InnovationChallengeLoginPage;
		};
		9ED85AA825E3160C0092922B /* PBXContainerItemProxy */ = {
			isa = PBXContainerItemProxy;
			containerPortal = 9ED85A8325E3160B0092922B /* Project object */;
			proxyType = 1;
			remoteGlobalIDString = 9ED85A8A25E3160B0092922B;
			remoteInfo = InnovationChallengeLoginPage;
		};
/* End PBXContainerItemProxy section */

/* Begin PBXFileReference section */
		9ED85A8B25E3160B0092922B /* InnovationChallengeLoginPage.app */ = {isa = PBXFileReference; explicitFileType = wrapper.application; includeInIndex = 0; path = InnovationChallengeLoginPage.app; sourceTree = BUILT_PRODUCTS_DIR; };
		9ED85A8E25E3160B0092922B /* InnovationChallengeLoginPageApp.swift */ = {isa = PBXFileReference; lastKnownFileType = sourcecode.swift; path = InnovationChallengeLoginPageApp.swift; sourceTree = "<group>"; };
		9ED85A9025E3160B0092922B /* ContentView.swift */ = {isa = PBXFileReference; lastKnownFileType = sourcecode.swift; path = ContentView.swift; sourceTree = "<group>"; };
		9ED85A9225E3160B0092922B /* Assets.xcassets */ = {isa = PBXFileReference; lastKnownFileType = folder.assetcatalog; path = Assets.xcassets; sourceTree = "<group>"; };
		9ED85A9525E3160B0092922B /* Preview Assets.xcassets */ = {isa = PBXFileReference; lastKnownFileType = folder.assetcatalog; path = "Preview Assets.xcassets"; sourceTree = "<group>"; };
		9ED85A9725E3160B0092922B /* Info.plist */ = {isa = PBXFileReference; lastKnownFileType = text.plist.xml; path = Info.plist; sourceTree = "<group>"; };
		9ED85A9C25E3160C0092922B /* InnovationChallengeLoginPageTests.xctest */ = {isa = PBXFileReference; explicitFileType = wrapper.cfbundle; includeInIndex = 0; path = InnovationChallengeLoginPageTests.xctest; sourceTree = BUILT_PRODUCTS_DIR; };
		9ED85AA025E3160C0092922B /* InnovationChallengeLoginPageTests.swift */ = {isa = PBXFileReference; lastKnownFileType = sourcecode.swift; path = InnovationChallengeLoginPageTests.swift; sourceTree = "<group>"; };
		9ED85AA225E3160C0092922B /* Info.plist */ = {isa = PBXFileReference; lastKnownFileType = text.plist.xml; path = Info.plist; sourceTree = "<group>"; };
		9ED85AA725E3160C0092922B /* InnovationChallengeLoginPageUITests.xctest */ = {isa = PBXFileReference; explicitFileType = wrapper.cfbundle; includeInIndex = 0; path = InnovationChallengeLoginPageUITests.xctest; sourceTree = BUILT_PRODUCTS_DIR; };
		9ED85AAB25E3160C0092922B /* InnovationChallengeLoginPageUITests.swift */ = {isa = PBXFileReference; lastKnownFileType = sourcecode.swift; path = InnovationChallengeLoginPageUITests.swift; sourceTree = "<group>"; };
		9ED85AAD25E3160C0092922B /* Info.plist */ = {isa = PBXFileReference; lastKnownFileType = text.plist.xml; path = Info.plist; sourceTree = "<group>"; };
		9ED85ABC25E3167F0092922B /* Storyboard.storyboard */ = {isa = PBXFileReference; lastKnownFileType = file.storyboard; path = Storyboard.storyboard; sourceTree = "<group>"; };
/* End PBXFileReference section */

/* Begin PBXFrameworksBuildPhase section */
		9ED85A8825E3160B0092922B /* Frameworks */ = {
			isa = PBXFrameworksBuildPhase;
			buildActionMask = 2147483647;
			files = (
			);
			runOnlyForDeploymentPostprocessing = 0;
		};
		9ED85A9925E3160C0092922B /* Frameworks */ = {
			isa = PBXFrameworksBuildPhase;
			buildActionMask = 2147483647;
			files = (
			);
			runOnlyForDeploymentPostprocessing = 0;
		};
		9ED85AA425E3160C0092922B /* Frameworks */ = {
			isa = PBXFrameworksBuildPhase;
			buildActionMask = 2147483647;
			files = (
			);
			runOnlyForDeploymentPostprocessing = 0;
		};
/* End PBXFrameworksBuildPhase section */

/* Begin PBXGroup section */
		9ED85A8225E3160B0092922B = {
			isa = PBXGroup;
			children = (
				9ED85A8D25E3160B0092922B /* InnovationChallengeLoginPage */,
				9ED85A9F25E3160C0092922B /* InnovationChallengeLoginPageTests */,
				9ED85AAA25E3160C0092922B /* InnovationChallengeLoginPageUITests */,
				9ED85A8C25E3160B0092922B /* Products */,
			);
			sourceTree = "<group>";
		};
		9ED85A8C25E3160B0092922B /* Products */ = {
			isa = PBXGroup;
			children = (
				9ED85A8B25E3160B0092922B /* InnovationChallengeLoginPage.app */,
				9ED85A9C25E3160C0092922B /* InnovationChallengeLoginPageTests.xctest */,
				9ED85AA725E3160C0092922B /* InnovationChallengeLoginPageUITests.xctest */,
			);
			name = Products;
			sourceTree = "<group>";
		};
		9ED85A8D25E3160B0092922B /* InnovationChallengeLoginPage */ = {
			isa = PBXGroup;
			children = (
				9ED85A8E25E3160B0092922B /* InnovationChallengeLoginPageApp.swift */,
				9ED85A9025E3160B0092922B /* ContentView.swift */,
				9ED85ABC25E3167F0092922B /* Storyboard.storyboard */,
				9ED85A9225E3160B0092922B /* Assets.xcassets */,
				9ED85A9725E3160B0092922B /* Info.plist */,
				9ED85A9425E3160B0092922B /* Preview Content */,
			);
			path = InnovationChallengeLoginPage;
			sourceTree = "<group>";
		};
		9ED85A9425E3160B0092922B /* Preview Content */ = {
			isa = PBXGroup;
			children = (
				9ED85A9525E3160B0092922B /* Preview Assets.xcassets */,
			);
			path = "Preview Content";
			sourceTree = "<group>";
		};
		9ED85A9F25E3160C0092922B /* InnovationChallengeLoginPageTests */ = {
			isa = PBXGroup;
			children = (
				9ED85AA025E3160C0092922B /* InnovationChallengeLoginPageTests.swift */,
				9ED85AA225E3160C0092922B /* Info.plist */,
			);
			path = InnovationChallengeLoginPageTests;
			sourceTree = "<group>";
		};
		9ED85AAA25E3160C0092922B /* InnovationChallengeLoginPageUITests */ = {
			isa = PBXGroup;
			children = (
				9ED85AAB25E3160C0092922B /* InnovationChallengeLoginPageUITests.swift */,
				9ED85AAD25E3160C0092922B /* Info.plist */,
			);
			path = InnovationChallengeLoginPageUITests;
			sourceTree = "<group>";
		};
/* End PBXGroup section */

/* Begin PBXNativeTarget section */
		9ED85A8A25E3160B0092922B /* InnovationChallengeLoginPage */ = {
			isa = PBXNativeTarget;
			buildConfigurationList = 9ED85AB025E3160C0092922B /* Build configuration list for PBXNativeTarget "InnovationChallengeLoginPage" */;
			buildPhases = (
				9ED85A8725E3160B0092922B /* Sources */,
				9ED85A8825E3160B0092922B /* Frameworks */,
				9ED85A8925E3160B0092922B /* Resources */,
			);
			buildRules = (
			);
			dependencies = (
			);
			name = InnovationChallengeLoginPage;
			productName = InnovationChallengeLoginPage;
			productReference = 9ED85A8B25E3160B0092922B /* InnovationChallengeLoginPage.app */;
			productType = "com.apple.product-type.application";
		};
		9ED85A9B25E3160C0092922B /* InnovationChallengeLoginPageTests */ = {
			isa = PBXNativeTarget;
			buildConfigurationList = 9ED85AB325E3160C0092922B /* Build configuration list for PBXNativeTarget "InnovationChallengeLoginPageTests" */;
			buildPhases = (
				9ED85A9825E3160C0092922B /* Sources */,
				9ED85A9925E3160C0092922B /* Frameworks */,
				9ED85A9A25E3160C0092922B /* Resources */,
			);
			buildRules = (
			);
			dependencies = (
				9ED85A9E25E3160C0092922B /* PBXTargetDependency */,
			);
			name = InnovationChallengeLoginPageTests;
			productName = InnovationChallengeLoginPageTests;
			productReference = 9ED85A9C25E3160C0092922B /* InnovationChallengeLoginPageTests.xctest */;
			productType = "com.apple.product-type.bundle.unit-test";
		};
		9ED85AA625E3160C0092922B /* InnovationChallengeLoginPageUITests */ = {
			isa = PBXNativeTarget;
			buildConfigurationList = 9ED85AB625E3160C0092922B /* Build configuration list for PBXNativeTarget "InnovationChallengeLoginPageUITests" */;
			buildPhases = (
				9ED85AA325E3160C0092922B /* Sources */,
				9ED85AA425E3160C0092922B /* Frameworks */,
				9ED85AA525E3160C0092922B /* Resources */,
			);
			buildRules = (
			);
			dependencies = (
				9ED85AA925E3160C0092922B /* PBXTargetDependency */,
			);
			name = InnovationChallengeLoginPageUITests;
			productName = InnovationChallengeLoginPageUITests;
			productReference = 9ED85AA725E3160C0092922B /* InnovationChallengeLoginPageUITests.xctest */;
			productType = "com.apple.product-type.bundle.ui-testing";
		};
/* End PBXNativeTarget section */

/* Begin PBXProject section */
		9ED85A8325E3160B0092922B /* Project object */ = {
			isa = PBXProject;
			attributes = {
				LastSwiftUpdateCheck = 1230;
				LastUpgradeCheck = 1230;
				TargetAttributes = {
					9ED85A8A25E3160B0092922B = {
						CreatedOnToolsVersion = 12.3;
					};
					9ED85A9B25E3160C0092922B = {
						CreatedOnToolsVersion = 12.3;
						TestTargetID = 9ED85A8A25E3160B0092922B;
					};
					9ED85AA625E3160C0092922B = {
						CreatedOnToolsVersion = 12.3;
						TestTargetID = 9ED85A8A25E3160B0092922B;
					};
				};
			};
			buildConfigurationList = 9ED85A8625E3160B0092922B /* Build configuration list for PBXProject "InnovationChallengeLoginPage" */;
			compatibilityVersion = "Xcode 9.3";
			developmentRegion = en;
			hasScannedForEncodings = 0;
			knownRegions = (
				en,
				Base,
			);
			mainGroup = 9ED85A8225E3160B0092922B;
			productRefGroup = 9ED85A8C25E3160B0092922B /* Products */;
			projectDirPath = "";
			projectRoot = "";
			targets = (
				9ED85A8A25E3160B0092922B /* InnovationChallengeLoginPage */,
				9ED85A9B25E3160C0092922B /* InnovationChallengeLoginPageTests */,
				9ED85AA625E3160C0092922B /* InnovationChallengeLoginPageUITests */,
			);
		};
/* End PBXProject section */

/* Begin PBXResourcesBuildPhase section */
		9ED85A8925E3160B0092922B /* Resources */ = {
			isa = PBXResourcesBuildPhase;
			buildActionMask = 2147483647;
			files = (
				9ED85A9625E3160B0092922B /* Preview Assets.xcassets in Resources */,
				9ED85A9325E3160B0092922B /* Assets.xcassets in Resources */,
				9ED85ABD25E3167F0092922B /* Storyboard.storyboard in Resources */,
			);
			runOnlyForDeploymentPostprocessing = 0;
		};
		9ED85A9A25E3160C0092922B /* Resources */ = {
			isa = PBXResourcesBuildPhase;
			buildActionMask = 2147483647;
			files = (
			);
			runOnlyForDeploymentPostprocessing = 0;
		};
		9ED85AA525E3160C0092922B /* Resources */ = {
			isa = PBXResourcesBuildPhase;
			buildActionMask = 2147483647;
			files = (
			);
			runOnlyForDeploymentPostprocessing = 0;
		};
/* End PBXResourcesBuildPhase section */

/* Begin PBXSourcesBuildPhase section */
		9ED85A8725E3160B0092922B /* Sources */ = {
			isa = PBXSourcesBuildPhase;
			buildActionMask = 2147483647;
			files = (
				9ED85A9125E3160B0092922B /* ContentView.swift in Sources */,
				9ED85A8F25E3160B0092922B /* InnovationChallengeLoginPageApp.swift in Sources */,
			);
			runOnlyForDeploymentPostprocessing = 0;
		};
		9ED85A9825E3160C0092922B /* Sources */ = {
			isa = PBXSourcesBuildPhase;
			buildActionMask = 2147483647;
			files = (
				9ED85AA125E3160C0092922B /* InnovationChallengeLoginPageTests.swift in Sources */,
			);
			runOnlyForDeploymentPostprocessing = 0;
		};
		9ED85AA325E3160C0092922B /* Sources */ = {
			isa = PBXSourcesBuildPhase;
			buildActionMask = 2147483647;
			files = (
				9ED85AAC25E3160C0092922B /* InnovationChallengeLoginPageUITests.swift in Sources */,
			);
			runOnlyForDeploymentPostprocessing = 0;
		};
/* End PBXSourcesBuildPhase section */

/* Begin PBXTargetDependency section */
		9ED85A9E25E3160C0092922B /* PBXTargetDependency */ = {
			isa = PBXTargetDependency;
			target = 9ED85A8A25E3160B0092922B /* InnovationChallengeLoginPage */;
			targetProxy = 9ED85A9D25E3160C0092922B /* PBXContainerItemProxy */;
		};
		9ED85AA925E3160C0092922B /* PBXTargetDependency */ = {
			isa = PBXTargetDependency;
			target = 9ED85A8A25E3160B0092922B /* InnovationChallengeLoginPage */;
			targetProxy = 9ED85AA825E3160C0092922B /* PBXContainerItemProxy */;
		};
/* End PBXTargetDependency section */

/* Begin XCBuildConfiguration section */
		9ED85AAE25E3160C0092922B /* Debug */ = {
			isa = XCBuildConfiguration;
			buildSettings = {
				ALWAYS_SEARCH_USER_PATHS = NO;
				CLANG_ANALYZER_NONNULL = YES;
				CLANG_ANALYZER_NUMBER_OBJECT_CONVERSION = YES_AGGRESSIVE;
				CLANG_CXX_LANGUAGE_STANDARD = "gnu++14";
				CLANG_CXX_LIBRARY = "libc++";
				CLANG_ENABLE_MODULES = YES;
				CLANG_ENABLE_OBJC_ARC = YES;
				CLANG_ENABLE_OBJC_WEAK = YES;
				CLANG_WARN_BLOCK_CAPTURE_AUTORELEASING = YES;
				CLANG_WARN_BOOL_CONVERSION = YES;
				CLANG_WARN_COMMA = YES;
				CLANG_WARN_CONSTANT_CONVERSION = YES;
				CLANG_WARN_DEPRECATED_OBJC_IMPLEMENTATIONS = YES;
				CLANG_WARN_DIRECT_OBJC_ISA_USAGE = YES_ERROR;
				CLANG_WARN_DOCUMENTATION_COMMENTS = YES;
				CLANG_WARN_EMPTY_BODY = YES;
				CLANG_WARN_ENUM_CONVERSION = YES;
				CLANG_WARN_INFINITE_RECURSION = YES;
				CLANG_WARN_INT_CONVERSION = YES;
				CLANG_WARN_NON_LITERAL_NULL_CONVERSION = YES;
				CLANG_WARN_OBJC_IMPLICIT_RETAIN_SELF = YES;
				CLANG_WARN_OBJC_LITERAL_CONVERSION = YES;
				CLANG_WARN_OBJC_ROOT_CLASS = YES_ERROR;
				CLANG_WARN_QUOTED_INCLUDE_IN_FRAMEWORK_HEADER = YES;
				CLANG_WARN_RANGE_LOOP_ANALYSIS = YES;
				CLANG_WARN_STRICT_PROTOTYPES = YES;
				CLANG_WARN_SUSPICIOUS_MOVE = YES;
				CLANG_WARN_UNGUARDED_AVAILABILITY = YES_AGGRESSIVE;
				CLANG_WARN_UNREACHABLE_CODE = YES;
				CLANG_WARN__DUPLICATE_METHOD_MATCH = YES;
				COPY_PHASE_STRIP = NO;
				DEBUG_INFORMATION_FORMAT = dwarf;
				ENABLE_STRICT_OBJC_MSGSEND = YES;
				ENABLE_TESTABILITY = YES;
				GCC_C_LANGUAGE_STANDARD = gnu11;
				GCC_DYNAMIC_NO_PIC = NO;
				GCC_NO_COMMON_BLOCKS = YES;
				GCC_OPTIMIZATION_LEVEL = 0;
				GCC_PREPROCESSOR_DEFINITIONS = (
					"DEBUG=1",
					"$(inherited)",
				);
				GCC_WARN_64_TO_32_BIT_CONVERSION = YES;
				GCC_WARN_ABOUT_RETURN_TYPE = YES_ERROR;
				GCC_WARN_UNDECLARED_SELECTOR = YES;
				GCC_WARN_UNINITIALIZED_AUTOS = YES_AGGRESSIVE;
				GCC_WARN_UNUSED_FUNCTION = YES;
				GCC_WARN_UNUSED_VARIABLE = YES;
				IPHONEOS_DEPLOYMENT_TARGET = 14.3;
				MTL_ENABLE_DEBUG_INFO = INCLUDE_SOURCE;
				MTL_FAST_MATH = YES;
				ONLY_ACTIVE_ARCH = YES;
				SDKROOT = iphoneos;
				SWIFT_ACTIVE_COMPILATION_CONDITIONS = DEBUG;
				SWIFT_OPTIMIZATION_LEVEL = "-Onone";
			};
			name = Debug;
		};
		9ED85AAF25E3160C0092922B /* Release */ = {
			isa = XCBuildConfiguration;
			buildSettings = {
				ALWAYS_SEARCH_USER_PATHS = NO;
				CLANG_ANALYZER_NONNULL = YES;
				CLANG_ANALYZER_NUMBER_OBJECT_CONVERSION = YES_AGGRESSIVE;
				CLANG_CXX_LANGUAGE_STANDARD = "gnu++14";
				CLANG_CXX_LIBRARY = "libc++";
				CLANG_ENABLE_MODULES = YES;
				CLANG_ENABLE_OBJC_ARC = YES;
				CLANG_ENABLE_OBJC_WEAK = YES;
				CLANG_WARN_BLOCK_CAPTURE_AUTORELEASING = YES;
				CLANG_WARN_BOOL_CONVERSION = YES;
				CLANG_WARN_COMMA = YES;
				CLANG_WARN_CONSTANT_CONVERSION = YES;
				CLANG_WARN_DEPRECATED_OBJC_IMPLEMENTATIONS = YES;
				CLANG_WARN_DIRECT_OBJC_ISA_USAGE = YES_ERROR;
				CLANG_WARN_DOCUMENTATION_COMMENTS = YES;
				CLANG_WARN_EMPTY_BODY = YES;
				CLANG_WARN_ENUM_CONVERSION = YES;
				CLANG_WARN_INFINITE_RECURSION = YES;
				CLANG_WARN_INT_CONVERSION = YES;
				CLANG_WARN_NON_LITERAL_NULL_CONVERSION = YES;
				CLANG_WARN_OBJC_IMPLICIT_RETAIN_SELF = YES;
				CLANG_WARN_OBJC_LITERAL_CONVERSION = YES;
				CLANG_WARN_OBJC_ROOT_CLASS = YES_ERROR;
				CLANG_WARN_QUOTED_INCLUDE_IN_FRAMEWORK_HEADER = YES;
				CLANG_WARN_RANGE_LOOP_ANALYSIS = YES;
				CLANG_WARN_STRICT_PROTOTYPES = YES;
				CLANG_WARN_SUSPICIOUS_MOVE = YES;
				CLANG_WARN_UNGUARDED_AVAILABILITY = YES_AGGRESSIVE;
				CLANG_WARN_UNREACHABLE_CODE = YES;
				CLANG_WARN__DUPLICATE_METHOD_MATCH = YES;
				COPY_PHASE_STRIP = NO;
				DEBUG_INFORMATION_FORMAT = "dwarf-with-dsym";
				ENABLE_NS_ASSERTIONS = NO;
				ENABLE_STRICT_OBJC_MSGSEND = YES;
				GCC_C_LANGUAGE_STANDARD = gnu11;
				GCC_NO_COMMON_BLOCKS = YES;
				GCC_WARN_64_TO_32_BIT_CONVERSION = YES;
				GCC_WARN_ABOUT_RETURN_TYPE = YES_ERROR;
				GCC_WARN_UNDECLARED_SELECTOR = YES;
				GCC_WARN_UNINITIALIZED_AUTOS = YES_AGGRESSIVE;
				GCC_WARN_UNUSED_FUNCTION = YES;
				GCC_WARN_UNUSED_VARIABLE = YES;
				IPHONEOS_DEPLOYMENT_TARGET = 14.3;
				MTL_ENABLE_DEBUG_INFO = NO;
				MTL_FAST_MATH = YES;
				SDKROOT = iphoneos;
				SWIFT_COMPILATION_MODE = wholemodule;
				SWIFT_OPTIMIZATION_LEVEL = "-O";
				VALIDATE_PRODUCT = YES;
			};
			name = Release;
		};
		9ED85AB125E3160C0092922B /* Debug */ = {
			isa = XCBuildConfiguration;
			buildSettings = {
				ASSETCATALOG_COMPILER_APPICON_NAME = AppIcon;
				ASSETCATALOG_COMPILER_GLOBAL_ACCENT_COLOR_NAME = AccentColor;
				CODE_SIGN_STYLE = Automatic;
				DEVELOPMENT_ASSET_PATHS = "\"InnovationChallengeLoginPage/Preview Content\"";
				DEVELOPMENT_TEAM = 7RYBN35C6R;
				ENABLE_PREVIEWS = YES;
				INFOPLIST_FILE = InnovationChallengeLoginPage/Info.plist;
				IPHONEOS_DEPLOYMENT_TARGET = 14.0;
				LD_RUNPATH_SEARCH_PATHS = (
					"$(inherited)",
					"@executable_path/Frameworks",
				);
				PRODUCT_BUNDLE_IDENTIFIER = com.aaravwattal.InnovationChallengeLoginPage.InnovationChallengeLoginPage;
				PRODUCT_NAME = "$(TARGET_NAME)";
				SWIFT_VERSION = 5.0;
				TARGETED_DEVICE_FAMILY = "1,2";
			};
			name = Debug;
		};
		9ED85AB225E3160C0092922B /* Release */ = {
			isa = XCBuildConfiguration;
			buildSettings = {
				ASSETCATALOG_COMPILER_APPICON_NAME = AppIcon;
				ASSETCATALOG_COMPILER_GLOBAL_ACCENT_COLOR_NAME = AccentColor;
				CODE_SIGN_STYLE = Automatic;
				DEVELOPMENT_ASSET_PATHS = "\"InnovationChallengeLoginPage/Preview Content\"";
				DEVELOPMENT_TEAM = 7RYBN35C6R;
				ENABLE_PREVIEWS = YES;
				INFOPLIST_FILE = InnovationChallengeLoginPage/Info.plist;
				IPHONEOS_DEPLOYMENT_TARGET = 14.0;
				LD_RUNPATH_SEARCH_PATHS = (
					"$(inherited)",
					"@executable_path/Frameworks",
				);
				PRODUCT_BUNDLE_IDENTIFIER = com.aaravwattal.InnovationChallengeLoginPage.InnovationChallengeLoginPage;
				PRODUCT_NAME = "$(TARGET_NAME)";
				SWIFT_VERSION = 5.0;
				TARGETED_DEVICE_FAMILY = "1,2";
			};
			name = Release;
		};
		9ED85AB425E3160C0092922B /* Debug */ = {
			isa = XCBuildConfiguration;
			buildSettings = {
				ALWAYS_EMBED_SWIFT_STANDARD_LIBRARIES = YES;
				BUNDLE_LOADER = "$(TEST_HOST)";
				CODE_SIGN_STYLE = Automatic;
				DEVELOPMENT_TEAM = 7RYBN35C6R;
				INFOPLIST_FILE = InnovationChallengeLoginPageTests/Info.plist;
				IPHONEOS_DEPLOYMENT_TARGET = 14.0;
				LD_RUNPATH_SEARCH_PATHS = (
					"$(inherited)",
					"@executable_path/Frameworks",
					"@loader_path/Frameworks",
				);
				PRODUCT_BUNDLE_IDENTIFIER = com.aaravwattal.InnovationChallengeLoginPage.InnovationChallengeLoginPageTests;
				PRODUCT_NAME = "$(TARGET_NAME)";
				SWIFT_VERSION = 5.0;
				TARGETED_DEVICE_FAMILY = "1,2";
				TEST_HOST = "$(BUILT_PRODUCTS_DIR)/InnovationChallengeLoginPage.app/InnovationChallengeLoginPage";
			};
			name = Debug;
		};
		9ED85AB525E3160C0092922B /* Release */ = {
			isa = XCBuildConfiguration;
			buildSettings = {
				ALWAYS_EMBED_SWIFT_STANDARD_LIBRARIES = YES;
				BUNDLE_LOADER = "$(TEST_HOST)";
				CODE_SIGN_STYLE = Automatic;
				DEVELOPMENT_TEAM = 7RYBN35C6R;
				INFOPLIST_FILE = InnovationChallengeLoginPageTests/Info.plist;
				IPHONEOS_DEPLOYMENT_TARGET = 14.0;
				LD_RUNPATH_SEARCH_PATHS = (
					"$(inherited)",
					"@executable_path/Frameworks",
					"@loader_path/Frameworks",
				);
				PRODUCT_BUNDLE_IDENTIFIER = com.aaravwattal.InnovationChallengeLoginPage.InnovationChallengeLoginPageTests;
				PRODUCT_NAME = "$(TARGET_NAME)";
				SWIFT_VERSION = 5.0;
				TARGETED_DEVICE_FAMILY = "1,2";
				TEST_HOST = "$(BUILT_PRODUCTS_DIR)/InnovationChallengeLoginPage.app/InnovationChallengeLoginPage";
			};
			name = Release;
		};
		9ED85AB725E3160C0092922B /* Debug */ = {
			isa = XCBuildConfiguration;
			buildSettings = {
				ALWAYS_EMBED_SWIFT_STANDARD_LIBRARIES = YES;
				CODE_SIGN_STYLE = Automatic;
				DEVELOPMENT_TEAM = 7RYBN35C6R;
				INFOPLIST_FILE = InnovationChallengeLoginPageUITests/Info.plist;
				LD_RUNPATH_SEARCH_PATHS = (
					"$(inherited)",
					"@executable_path/Frameworks",
					"@loader_path/Frameworks",
				);
				PRODUCT_BUNDLE_IDENTIFIER = com.aaravwattal.InnovationChallengeLoginPage.InnovationChallengeLoginPageUITests;
				PRODUCT_NAME = "$(TARGET_NAME)";
				SWIFT_VERSION = 5.0;
				TARGETED_DEVICE_FAMILY = "1,2";
				TEST_TARGET_NAME = InnovationChallengeLoginPage;
			};
			name = Debug;
		};
		9ED85AB825E3160C0092922B /* Release */ = {
			isa = XCBuildConfiguration;
			buildSettings = {
				ALWAYS_EMBED_SWIFT_STANDARD_LIBRARIES = YES;
				CODE_SIGN_STYLE = Automatic;
				DEVELOPMENT_TEAM = 7RYBN35C6R;
				INFOPLIST_FILE = InnovationChallengeLoginPageUITests/Info.plist;
				LD_RUNPATH_SEARCH_PATHS = (
					"$(inherited)",
					"@executable_path/Frameworks",
					"@loader_path/Frameworks",
				);
				PRODUCT_BUNDLE_IDENTIFIER = com.aaravwattal.InnovationChallengeLoginPage.InnovationChallengeLoginPageUITests;
				PRODUCT_NAME = "$(TARGET_NAME)";
				SWIFT_VERSION = 5.0;
				TARGETED_DEVICE_FAMILY = "1,2";
				TEST_TARGET_NAME = InnovationChallengeLoginPage;
			};
			name = Release;
		};
/* End XCBuildConfiguration section */

/* Begin XCConfigurationList section */
		9ED85A8625E3160B0092922B /* Build configuration list for PBXProject "InnovationChallengeLoginPage" */ = {
			isa = XCConfigurationList;
			buildConfigurations = (
				9ED85AAE25E3160C0092922B /* Debug */,
				9ED85AAF25E3160C0092922B /* Release */,
			);
			defaultConfigurationIsVisible = 0;
			defaultConfigurationName = Release;
		};
		9ED85AB025E3160C0092922B /* Build configuration list for PBXNativeTarget "InnovationChallengeLoginPage" */ = {
			isa = XCConfigurationList;
			buildConfigurations = (
				9ED85AB125E3160C0092922B /* Debug */,
				9ED85AB225E3160C0092922B /* Release */,
			);
			defaultConfigurationIsVisible = 0;
			defaultConfigurationName = Release;
		};
		9ED85AB325E3160C0092922B /* Build configuration list for PBXNativeTarget "InnovationChallengeLoginPageTests" */ = {
			isa = XCConfigurationList;
			buildConfigurations = (
				9ED85AB425E3160C0092922B /* Debug */,
				9ED85AB525E3160C0092922B /* Release */,
			);
			defaultConfigurationIsVisible = 0;
			defaultConfigurationName = Release;
		};
		9ED85AB625E3160C0092922B /* Build configuration list for PBXNativeTarget "InnovationChallengeLoginPageUITests" */ = {
			isa = XCConfigurationList;
			buildConfigurations = (
				9ED85AB725E3160C0092922B /* Debug */,
				9ED85AB825E3160C0092922B /* Release */,
			);
			defaultConfigurationIsVisible = 0;
			defaultConfigurationName = Release;
		};
/* End XCConfigurationList section */
	};
	rootObject = 9ED85A8325E3160B0092922B /* Project object */;
}
